{
  "nodes": {
    "levers": {
      "inputs": {
        "nixpkgs": [
          "nixpkgs"
        ]
      },
      "locked": {
        "lastModified": 1782220499,
        "narHash": "sha256-SA9O16SWzOSqeznfzEGHt9KHW6b62c1HuyJLNwE42Ew=",
        "owner": "kquick",
        "repo": "nix-levers",
        "rev": "9ae6567ccaa82887b328219b26d5e833a298f03a",
        "type": "github"
      },
      "original": {
        "owner": "kquick",
        "repo": "nix-levers",
        "type": "github"
      }
    },
    "nixpkgs": {
      "locked": {
        "lastModified": 1782175435,
        "narHash": "sha256-EMzXKmnOtBQ2MnvpiNOm7E+kOMvdPrIKaeg52Tip2Uk=",
        "owner": "nixos",
        "repo": "nixpkgs",
        "rev": "89570f24e97e614aa34aa9ab1c927b6578a43775",
        "type": "github"
      },
      "original": {
        "owner": "nixos",
        "ref": "nixpkgs-unstable",
        "repo": "nixpkgs",
        "type": "github"
      }
    },
    "root": {
      "inputs": {
        "levers": "levers",
        "nixpkgs": "nixpkgs"
      }
    }
  },
  "root": "root",
  "version": 7
}
